# THIS IS AN AUTOGENERATED FILE. DO NOT EDIT THIS FILE DIRECTLY.
# yarn lockfile v1


figma-jsonrpc@^0.3.3:
  version "0.3.3"
  resolved "https://registry.yarnpkg.com/figma-jsonrpc/-/figma-jsonrpc-0.3.3.tgz#1389f63c63d16a9ec3ba81ffa2220a7650f249f7"
  integrity sha512-u1ol8SATbdo+mbcHUisn48m39Pt8Zgm3zhHiEfpttH7SH6H96F9ph/9KwN9Y6EWF1jaFb2fKWi3CVB2phzuC7g==
